{
  "originHash" : "dfa0f97169082438fcf660a5e3c67310c7881a53145fc567678ac3cf4af37eb3",
  "pins" : [
    {
      "identity" : "smckit",
      "kind" : "remoteSourceControl",
      "location" : "https://github.com/srimanachanta/SMCKit.git",
      "state" : {
        "revision" : "53fc7a6e35a897b1658a7ef0f98ed1710fe46723",
        "version" : "1.1.0"
      }
    },
    {
      "identity" : "swiftclient",
      "kind" : "remoteSourceControl",
      "location" : "https://github.com/TelemetryDeck/SwiftClient",
      "state" : {
        "revision" : "58f436299d3f6710bcedc18aff26480aaf1879fc",
        "version" : "2.14.2"
      }
    }
  ],
  "version" : 3
}
