// !$*UTF8*$!
{
	archiveVersion = 1;
	classes = {
	};
	objectVersion = 77;
	objects = {

/* Begin PBXBuildFile section */
		FA8D16FA3045E22A0040670D /* SMCKit in Frameworks */ = {isa = PBXBuildFile; productRef = FA8D16F93045E22A0040670D /* SMCKit */; };
/* End PBXBuildFile section */

/* Begin PBXContainerItemProxy section */
		FA01FF91300BB56900235EBF /* PBXContainerItemProxy */ = {
			isa = PBXContainerItemProxy;
			containerPortal = FA01FF7B300BB56700235EBF /* Project object */;
			proxyType = 1;
			remoteGlobalIDString = FA01FF82300BB56700235EBF;
			remoteInfo = VisorPro;
		};
		FA01FF9B300BB56900235EBF /* PBXContainerItemProxy */ = {
			isa = PBXContainerItemProxy;
			containerPortal = FA01FF7B300BB56700235EBF /* Project object */;
			proxyType = 1;
			remoteGlobalIDString = FA01FF82300BB56700235EBF;
			remoteInfo = VisorPro;
		};
/* End PBXContainerItemProxy section */

/* Begin PBXFileReference section */
		FA01FF83300BB56700235EBF /* VisorPro.app */ = {isa = PBXFileReference; explicitFileType = wrapper.application; includeInIndex = 0; path = VisorPro.app; sourceTree = BUILT_PRODUCTS_DIR; };
		FA01FF90300BB56900235EBF /* VisorProTests.xctest */ = {isa = PBXFileReference; explicitFileType = wrapper.cfbundle; includeInIndex = 0; path = VisorProTests.xctest; sourceTree = BUILT_PRODUCTS_DIR; };
		FA01FF9A300BB56900235EBF /* VisorProUITests.xctest */ = {isa = PBXFileReference; explicitFileType = wrapper.cfbundle; includeInIndex = 0; path = VisorProUITests.xctest; sourceTree = BUILT_PRODUCTS_DIR; };
/* End PBXFileReference section */

/* Begin PBXFileSystemSynchronizedRootGroup section */
		FA01FF85300BB56700235EBF /* VisorPro */ = {
			isa = PBXFileSystemSynchronizedRootGroup;
			path = VisorPro;
			sourceTree = "<group>";
		};
		FA01FF93300BB56900235EBF /* VisorProTests */ = {
			isa = PBXFileSystemSynchronizedRootGroup;
			path = VisorProTests;
			sourceTree = "<group>";
		};
		FA01FF9D300BB56900235EBF /* VisorProUITests */ = {
			isa = PBXFileSystemSynchronizedRootGroup;
			path = VisorProUITests;
			sourceTree = "<group>";
		};
/* End PBXFileSystemSynchronizedRootGroup section */

/* Begin PBXFrameworksBuildPhase section */
		FA01FF80300BB56700235EBF /* Frameworks */ = {
			isa = PBXFrameworksBuildPhase;
			buildActionMask = 2147483647;
			files = (
				FA8D16FA3045E22A0040670D /* SMCKit in Frameworks */,
			);
			runOnlyForDeploymentPostprocessing = 0;
		};
		FA01FF8D300BB56900235EBF /* Frameworks */ = {
			isa = PBXFrameworksBuildPhase;
			buildActionMask = 2147483647;
			files = (
			);
			runOnlyForDeploymentPostprocessing = 0;
		};
		FA01FF97300BB56900235EBF /* Frameworks */ = {
			isa = PBXFrameworksBuildPhase;
			buildActionMask = 2147483647;
			files = (
			);
			runOnlyForDeploymentPostprocessing = 0;
		};
/* End PBXFrameworksBuildPhase section */

/* Begin PBXGroup section */
		3F5E4CA3A9F978AA0D94AB3B /* Managers */ = {
			isa = PBXGroup;
			children = (
			);
			name = Managers;
			sourceTree = "<group>";
		};
		CD924805BD9B6661AD782CC5 /* Resources */ = {
			isa = PBXGroup;
			children = (
			);
			name = Resources;
			sourceTree = "<group>";
		};
		FA01FF7A300BB56700235EBF = {
			isa = PBXGroup;
			children = (
				FA01FF85300BB56700235EBF /* VisorPro */,
				FA01FF93300BB56900235EBF /* VisorProTests */,
				FA01FF9D300BB56900235EBF /* VisorProUITests */,
				FA01FF84300BB56700235EBF /* Products */,
				3F5E4CA3A9F978AA0D94AB3B /* Managers */,
				CD924805BD9B6661AD782CC5 /* Resources */,
			);
			sourceTree = "<group>";
		};
		FA01FF84300BB56700235EBF /* Products */ = {
			isa = PBXGroup;
			children = (
				FA01FF83300BB56700235EBF /* VisorPro.app */,
				FA01FF90300BB56900235EBF /* VisorProTests.xctest */,
				FA01FF9A300BB56900235EBF /* VisorProUITests.xctest */,
			);
			name = Products;
			sourceTree = "<group>";
		};
/* End PBXGroup section */

/* Begin PBXNativeTarget section */
		FA01FF82300BB56700235EBF /* VisorPro */ = {
			isa = PBXNativeTarget;
			buildConfigurationList = FA01FFA2300BB56900235EBF /* Build configuration list for PBXNativeTarget "VisorPro" */;
			buildPhases = (
				FA01FF7F300BB56700235EBF /* Sources */,
				FA01FF80300BB56700235EBF /* Frameworks */,
				FA01FF81300BB56700235EBF /* Resources */,
			);
			buildRules = (
			);
			dependencies = (
			);
			fileSystemSynchronizedGroups = (
				FA01FF85300BB56700235EBF /* VisorPro */,
			);
			name = VisorPro;
			productName = VisorPro;
			productReference = FA01FF83300BB56700235EBF /* VisorPro.app */;
			productType = "com.apple.product-type.application";
		};
		FA01FF8F300BB56900235EBF /* VisorProTests */ = {
			isa = PBXNativeTarget;
			buildConfigurationList = FA01FFA5300BB56900235EBF /* Build configuration list for PBXNativeTarget "VisorProTests" */;
			buildPhases = (
				FA01FF8C300BB56900235EBF /* Sources */,
				FA01FF8D300BB56900235EBF /* Frameworks */,
				FA01FF8E300BB56900235EBF /* Resources */,
			);
			buildRules = (
			);
			dependencies = (
				FA01FF92300BB56900235EBF /* PBXTargetDependency */,
			);
			fileSystemSynchronizedGroups = (
				FA01FF93300BB56900235EBF /* VisorProTests */,
			);
			name = VisorProTests;
			productName = VisorProTests;
			productReference = FA01FF90300BB56900235EBF /* VisorProTests.xctest */;
			productType = "com.apple.product-type.bundle.unit-test";
		};
		FA01FF99300BB56900235EBF /* VisorProUITests */ = {
			isa = PBXNativeTarget;
			buildConfigurationList = FA01FFA8300BB56900235EBF /* Build configuration list for PBXNativeTarget "VisorProUITests" */;
			buildPhases = (
				FA01FF96300BB56900235EBF /* Sources */,
				FA01FF97300BB56900235EBF /* Frameworks */,
				FA01FF98300BB56900235EBF /* Resources */,
			);
			buildRules = (
			);
			dependencies = (
				FA01FF9C300BB56900235EBF /* PBXTargetDependency */,
			);
			fileSystemSynchronizedGroups = (
				FA01FF9D300BB56900235EBF /* VisorProUITests */,
			);
			name = VisorProUITests;
			productName = VisorProUITests;
			productReference = FA01FF9A300BB56900235EBF /* VisorProUITests.xctest */;
			productType = "com.apple.product-type.bundle.ui-testing";
		};
/* End PBXNativeTarget section */

/* Begin PBXProject section */
		FA01FF7B300BB56700235EBF /* Project object */ = {
			isa = PBXProject;
			attributes = {
				BuildIndependentTargetsInParallel = 1;
				LastSwiftUpdateCheck = 2700;
				LastUpgradeCheck = 2700;
				TargetAttributes = {
					FA01FF82300BB56700235EBF = {
						CreatedOnToolsVersion = 27.0;
					};
					FA01FF8F300BB56900235EBF = {
						CreatedOnToolsVersion = 27.0;
						TestTargetID = FA01FF82300BB56700235EBF;
					};
					FA01FF99300BB56900235EBF = {
						CreatedOnToolsVersion = 27.0;
						TestTargetID = FA01FF82300BB56700235EBF;
					};
				};
			};
			buildConfigurationList = FA01FF7E300BB56700235EBF /* Build configuration list for PBXProject "VisorPro" */;
			developmentRegion = en;
			hasScannedForEncodings = 0;
			knownRegions = (
				en,
				Base,
			);
			mainGroup = FA01FF7A300BB56700235EBF;
			minimizedProjectReferenceProxies = 1;
			packageReferences = (
				FA8D16F83045E22A0040670D /* XCRemoteSwiftPackageReference "SMCKit" */,
			);
			preferredProjectObjectVersion = 77;
			productRefGroup = FA01FF84300BB56700235EBF /* Products */;
			projectDirPath = "";
			projectRoot = "";
			targets = (
				FA01FF82300BB56700235EBF /* VisorPro */,
				FA01FF8F300BB56900235EBF /* VisorProTests */,
				FA01FF99300BB56900235EBF /* VisorProUITests */,
			);
		};
/* End PBXProject section */

/* Begin PBXResourcesBuildPhase section */
		FA01FF81300BB56700235EBF /* Resources */ = {
			isa = PBXResourcesBuildPhase;
			buildActionMask = 2147483647;
			files = (
			);
			runOnlyForDeploymentPostprocessing = 0;
		};
		FA01FF8E300BB56900235EBF /* Resources */ = {
			isa = PBXResourcesBuildPhase;
			buildActionMask = 2147483647;
			files = (
			);
			runOnlyForDeploymentPostprocessing = 0;
		};
		FA01FF98300BB56900235EBF /* Resources */ = {
			isa = PBXResourcesBuildPhase;
			buildActionMask = 2147483647;
			files = (
			);
			runOnlyForDeploymentPostprocessing = 0;
		};
/* End PBXResourcesBuildPhase section */

/* Begin PBXSourcesBuildPhase section */
		FA01FF7F300BB56700235EBF /* Sources */ = {
			isa = PBXSourcesBuildPhase;
			buildActionMask = 2147483647;
			files = (
			);
			runOnlyForDeploymentPostprocessing = 0;
		};
		FA01FF8C300BB56900235EBF /* Sources */ = {
			isa = PBXSourcesBuildPhase;
			buildActionMask = 2147483647;
			files = (
			);
			runOnlyForDeploymentPostprocessing = 0;
		};
		FA01FF96300BB56900235EBF /* Sources */ = {
			isa = PBXSourcesBuildPhase;
			buildActionMask = 2147483647;
			files = (
			);
			runOnlyForDeploymentPostprocessing = 0;
		};
/* End PBXSourcesBuildPhase section */

/* Begin PBXTargetDependency section */
		FA01FF92300BB56900235EBF /* PBXTargetDependency */ = {
			isa = PBXTargetDependency;
			target = FA01FF82300BB56700235EBF /* VisorPro */;
			targetProxy = FA01FF91300BB56900235EBF /* PBXContainerItemProxy */;
		};
		FA01FF9C300BB56900235EBF /* PBXTargetDependency */ = {
			isa = PBXTargetDependency;
			target = FA01FF82300BB56700235EBF /* VisorPro */;
			targetProxy = FA01FF9B300BB56900235EBF /* PBXContainerItemProxy */;
		};
/* End PBXTargetDependency section */

/* Begin XCBuildConfiguration section */
		FA01FFA0300BB56900235EBF /* Debug */ = {
			isa = XCBuildConfiguration;
			buildSettings = {
				ALWAYS_SEARCH_USER_PATHS = NO;
				ASSETCATALOG_COMPILER_GENERATE_SWIFT_ASSET_SYMBOL_EXTENSIONS = YES;
				CLANG_ANALYZER_NONNULL = YES;
				CLANG_ANALYZER_NUMBER_OBJECT_CONVERSION = YES_AGGRESSIVE;
				CLANG_CXX_LANGUAGE_STANDARD = "gnu++20";
				CLANG_ENABLE_MODULES = YES;
				CLANG_ENABLE_OBJC_ARC = YES;
				CLANG_ENABLE_OBJC_WEAK = YES;
				CLANG_WARN_BLOCK_CAPTURE_AUTORELEASING = YES;
				CLANG_WARN_BOOL_CONVERSION = YES;
				CLANG_WARN_COMMA = YES;
				CLANG_WARN_CONSTANT_CONVERSION = YES;
				CLANG_WARN_DEPRECATED_OBJC_IMPLEMENTATIONS = YES;
				CLANG_WARN_DIRECT_OBJC_ISA_USAGE = YES_ERROR;
				CLANG_WARN_DOCUMENTATION_COMMENTS = YES;
				CLANG_WARN_EMPTY_BODY = YES;
				CLANG_WARN_ENUM_CONVERSION = YES;
				CLANG_WARN_INFINITE_RECURSION = YES;
				CLANG_WARN_INT_CONVERSION = YES;
				CLANG_WARN_NON_LITERAL_NULL_CONVERSION = YES;
				CLANG_WARN_OBJC_IMPLICIT_RETAIN_SELF = YES;
				CLANG_WARN_OBJC_LITERAL_CONVERSION = YES;
				CLANG_WARN_OBJC_ROOT_CLASS = YES_ERROR;
				CLANG_WARN_QUOTED_INCLUDE_IN_FRAMEWORK_HEADER = YES;
				CLANG_WARN_RANGE_LOOP_ANALYSIS = YES;
				CLANG_WARN_STRICT_PROTOTYPES = YES;
				CLANG_WARN_SUSPICIOUS_MOVE = YES;
				CLANG_WARN_UNGUARDED_AVAILABILITY = YES_AGGRESSIVE;
				CLANG_WARN_UNREACHABLE_CODE = YES;
				CLANG_WARN__DUPLICATE_METHOD_MATCH = YES;
				COPY_PHASE_STRIP = NO;
				DEBUG_INFORMATION_FORMAT = dwarf;
				DEVELOPMENT_TEAM = B8R3X8NN3X;
				ENABLE_STRICT_OBJC_MSGSEND = YES;
				ENABLE_TESTABILITY = YES;
				ENABLE_USER_SCRIPT_SANDBOXING = YES;
				GCC_C_LANGUAGE_STANDARD = gnu17;
				GCC_DYNAMIC_NO_PIC = NO;
				GCC_NO_COMMON_BLOCKS = YES;
				GCC_OPTIMIZATION_LEVEL = 0;
				GCC_PREPROCESSOR_DEFINITIONS = (
					"DEBUG=1",
					"$(inherited)",
				);
				GCC_WARN_64_TO_32_BIT_CONVERSION = YES;
				GCC_WARN_ABOUT_RETURN_TYPE = YES_ERROR;
				GCC_WARN_UNDECLARED_SELECTOR = YES;
				GCC_WARN_UNINITIALIZED_AUTOS = YES_AGGRESSIVE;
				GCC_WARN_UNUSED_FUNCTION = YES;
				GCC_WARN_UNUSED_VARIABLE = YES;
				LOCALIZATION_PREFERS_STRING_CATALOGS = YES;
				MACOSX_DEPLOYMENT_TARGET = 27.0;
				MTL_ENABLE_DEBUG_INFO = INCLUDE_SOURCE;
				MTL_FAST_MATH = YES;
				ONLY_ACTIVE_ARCH = YES;
				SDKROOT = macosx;
				SWIFT_ACTIVE_COMPILATION_CONDITIONS = "DEBUG $(inherited)";
				SWIFT_OPTIMIZATION_LEVEL = "-Onone";
			};
			name = Debug;
		};
		FA01FFA1300BB56900235EBF /* Release */ = {
			isa = XCBuildConfiguration;
			buildSettings = {
				ALWAYS_SEARCH_USER_PATHS = NO;
				ASSETCATALOG_COMPILER_GENERATE_SWIFT_ASSET_SYMBOL_EXTENSIONS = YES;
				CLANG_ANALYZER_NONNULL = YES;
				CLANG_ANALYZER_NUMBER_OBJECT_CONVERSION = YES_AGGRESSIVE;
				CLANG_CXX_LANGUAGE_STANDARD = "gnu++20";
				CLANG_ENABLE_MODULES = YES;
				CLANG_ENABLE_OBJC_ARC = YES;
				CLANG_ENABLE_OBJC_WEAK = YES;
				CLANG_WARN_BLOCK_CAPTURE_AUTORELEASING = YES;
				CLANG_WARN_BOOL_CONVERSION = YES;
				CLANG_WARN_COMMA = YES;
				CLANG_WARN_CONSTANT_CONVERSION = YES;
				CLANG_WARN_DEPRECATED_OBJC_IMPLEMENTATIONS = YES;
				CLANG_WARN_DIRECT_OBJC_ISA_USAGE = YES_ERROR;
				CLANG_WARN_DOCUMENTATION_COMMENTS = YES;
				CLANG_WARN_EMPTY_BODY = YES;
				CLANG_WARN_ENUM_CONVERSION = YES;
				CLANG_WARN_INFINITE_RECURSION = YES;
				CLANG_WARN_INT_CONVERSION = YES;
				CLANG_WARN_NON_LITERAL_NULL_CONVERSION = YES;
				CLANG_WARN_OBJC_IMPLICIT_RETAIN_SELF = YES;
				CLANG_WARN_OBJC_LITERAL_CONVERSION = YES;
				CLANG_WARN_OBJC_ROOT_CLASS = YES_ERROR;
				CLANG_WARN_QUOTED_INCLUDE_IN_FRAMEWORK_HEADER = YES;
				CLANG_WARN_RANGE_LOOP_ANALYSIS = YES;
				CLANG_WARN_STRICT_PROTOTYPES = YES;
				CLANG_WARN_SUSPICIOUS_MOVE = YES;
				CLANG_WARN_UNGUARDED_AVAILABILITY = YES_AGGRESSIVE;
				CLANG_WARN_UNREACHABLE_CODE = YES;
				CLANG_WARN__DUPLICATE_METHOD_MATCH = YES;
				COPY_PHASE_STRIP = NO;
				DEBUG_INFORMATION_FORMAT = "dwarf-with-dsym";
				DEVELOPMENT_TEAM = B8R3X8NN3X;
				ENABLE_NS_ASSERTIONS = NO;
				ENABLE_STRICT_OBJC_MSGSEND = YES;
				ENABLE_USER_SCRIPT_SANDBOXING = YES;
				GCC_C_LANGUAGE_STANDARD = gnu17;
				GCC_NO_COMMON_BLOCKS = YES;
				GCC_WARN_64_TO_32_BIT_CONVERSION = YES;
				GCC_WARN_ABOUT_RETURN_TYPE = YES_ERROR;
				GCC_WARN_UNDECLARED_SELECTOR = YES;
				GCC_WARN_UNINITIALIZED_AUTOS = YES_AGGRESSIVE;
				GCC_WARN_UNUSED_FUNCTION = YES;
				GCC_WARN_UNUSED_VARIABLE = YES;
				LOCALIZATION_PREFERS_STRING_CATALOGS = YES;
				MACOSX_DEPLOYMENT_TARGET = 27.0;
				MTL_ENABLE_DEBUG_INFO = NO;
				MTL_FAST_MATH = YES;
				SDKROOT = macosx;
				SWIFT_COMPILATION_MODE = wholemodule;
			};
			name = Release;
		};
		FA01FFA3300BB56900235EBF /* Debug */ = {
			isa = XCBuildConfiguration;
			buildSettings = {
				ASSETCATALOG_COMPILER_APPICON_NAME = Icon;
				ASSETCATALOG_COMPILER_GLOBAL_ACCENT_COLOR_NAME = AccentColor;
				ASSETCATALOG_COMPILER_INCLUDE_ALL_APPICON_ASSETS = YES;
				AUTOMATION_APPLE_EVENTS = NO;
				CODE_SIGN_STYLE = Automatic;
				COMBINE_HIDPI_IMAGES = YES;
				CURRENT_PROJECT_VERSION = 1;
				DEVELOPMENT_TEAM = B8R3X8NN3X;
				ENABLE_APP_SANDBOX = NO;
				ENABLE_HARDENED_RUNTIME = NO;
				ENABLE_PREVIEWS = YES;
				ENABLE_RESOURCE_ACCESS_AUDIO_INPUT = NO;
				ENABLE_RESOURCE_ACCESS_CALENDARS = NO;
				ENABLE_RESOURCE_ACCESS_CAMERA = NO;
				ENABLE_RESOURCE_ACCESS_CONTACTS = NO;
				ENABLE_RESOURCE_ACCESS_LOCATION = NO;
				ENABLE_RESOURCE_ACCESS_PHOTO_LIBRARY = NO;
				GENERATE_INFOPLIST_FILE = YES;
				INFOPLIST_KEY_LSApplicationCategoryType = "public.app-category.utilities";
				INFOPLIST_KEY_NSAppleEventsUsageDescription = "VisorPro requires access to Apple Events to control volume and system theme.";
				INFOPLIST_KEY_NSBluetoothAlwaysUsageDescription = "VisorPro requires Bluetooth access for the on-screen displays.";
				INFOPLIST_KEY_NSCameraUsageDescription = "VisorPro uses the camera to display a live preview in the camera overlay.";
				INFOPLIST_KEY_NSFocusStatusUsageDescription = "Allow access to display Focus mode changes.";
				INFOPLIST_KEY_NSHumanReadableCopyright = "";
				INFOPLIST_KEY_NSLocationUsageDescription = "VisorPro requires location access to read the current Wi-Fi network name.";
				INFOPLIST_KEY_NSLocationWhenInUseUsageDescription = "VisorPro requires location access to read the current Wi-Fi network name.";
				INFOPLIST_KEY_NSMicrophoneUsageDescription = "VisorPro uses the microphone to display an audio waveform animation when expanding the microphone overlay.";
				LD_RUNPATH_SEARCH_PATHS = (
					"$(inherited)",
					"@executable_path/../Frameworks",
				);
				MACOSX_DEPLOYMENT_TARGET = 14.6;
				MARKETING_VERSION = 1.0.0;
				PRODUCT_BUNDLE_IDENTIFIER = dev.VisorPro;
				PRODUCT_NAME = "$(TARGET_NAME)";
				REGISTER_APP_GROUPS = YES;
				RUNTIME_EXCEPTION_ALLOW_DYLD_ENVIRONMENT_VARIABLES = NO;
				RUNTIME_EXCEPTION_ALLOW_JIT = NO;
				RUNTIME_EXCEPTION_ALLOW_UNSIGNED_EXECUTABLE_MEMORY = NO;
				RUNTIME_EXCEPTION_DEBUGGING_TOOL = NO;
				RUNTIME_EXCEPTION_DISABLE_EXECUTABLE_PAGE_PROTECTION = NO;
				RUNTIME_EXCEPTION_DISABLE_LIBRARY_VALIDATION = NO;
				STRING_CATALOG_GENERATE_SYMBOLS = YES;
				SWIFT_APPROACHABLE_CONCURRENCY = YES;
				SWIFT_DEFAULT_ACTOR_ISOLATION = MainActor;
				SWIFT_EMIT_LOC_STRINGS = YES;
				SWIFT_UPCOMING_FEATURE_MEMBER_IMPORT_VISIBILITY = YES;
				SWIFT_VERSION = 5.0;
			};
			name = Debug;
		};
		FA01FFA4300BB56900235EBF /* Release */ = {
			isa = XCBuildConfiguration;
			buildSettings = {
				ASSETCATALOG_COMPILER_APPICON_NAME = Icon;
				ASSETCATALOG_COMPILER_GLOBAL_ACCENT_COLOR_NAME = AccentColor;
				ASSETCATALOG_COMPILER_INCLUDE_ALL_APPICON_ASSETS = YES;
				AUTOMATION_APPLE_EVENTS = NO;
				CODE_SIGN_STYLE = Automatic;
				COMBINE_HIDPI_IMAGES = YES;
				CURRENT_PROJECT_VERSION = 1;
				DEVELOPMENT_TEAM = B8R3X8NN3X;
				ENABLE_APP_SANDBOX = NO;
				ENABLE_HARDENED_RUNTIME = NO;
				ENABLE_PREVIEWS = YES;
				ENABLE_RESOURCE_ACCESS_AUDIO_INPUT = NO;
				ENABLE_RESOURCE_ACCESS_CALENDARS = NO;
				ENABLE_RESOURCE_ACCESS_CAMERA = NO;
				ENABLE_RESOURCE_ACCESS_CONTACTS = NO;
				ENABLE_RESOURCE_ACCESS_LOCATION = NO;
				ENABLE_RESOURCE_ACCESS_PHOTO_LIBRARY = NO;
				GENERATE_INFOPLIST_FILE = YES;
				INFOPLIST_KEY_LSApplicationCategoryType = "public.app-category.utilities";
				INFOPLIST_KEY_NSAppleEventsUsageDescription = "VisorPro requires access to Apple Events to control volume and system theme.";
				INFOPLIST_KEY_NSBluetoothAlwaysUsageDescription = "VisorPro requires Bluetooth access for the on-screen displays.";
				INFOPLIST_KEY_NSCameraUsageDescription = "VisorPro uses the camera to display a live preview in the camera overlay.";
				INFOPLIST_KEY_NSFocusStatusUsageDescription = "Allow access to display Focus mode changes.";
				INFOPLIST_KEY_NSHumanReadableCopyright = "";
				INFOPLIST_KEY_NSLocationUsageDescription = "VisorPro requires location access to read the current Wi-Fi network name.";
				INFOPLIST_KEY_NSLocationWhenInUseUsageDescription = "VisorPro requires location access to read the current Wi-Fi network name.";
				INFOPLIST_KEY_NSMicrophoneUsageDescription = "VisorPro uses the microphone to display an audio waveform animation when expanding the microphone overlay.";
				LD_RUNPATH_SEARCH_PATHS = (
					"$(inherited)",
					"@executable_path/../Frameworks",
				);
				MACOSX_DEPLOYMENT_TARGET = 14.6;
				MARKETING_VERSION = 1.0.0;
				PRODUCT_BUNDLE_IDENTIFIER = dev.VisorPro;
				PRODUCT_NAME = "$(TARGET_NAME)";
				REGISTER_APP_GROUPS = YES;
				RUNTIME_EXCEPTION_ALLOW_DYLD_ENVIRONMENT_VARIABLES = NO;
				RUNTIME_EXCEPTION_ALLOW_JIT = NO;
				RUNTIME_EXCEPTION_ALLOW_UNSIGNED_EXECUTABLE_MEMORY = NO;
				RUNTIME_EXCEPTION_DEBUGGING_TOOL = NO;
				RUNTIME_EXCEPTION_DISABLE_EXECUTABLE_PAGE_PROTECTION = NO;
				RUNTIME_EXCEPTION_DISABLE_LIBRARY_VALIDATION = NO;
				STRING_CATALOG_GENERATE_SYMBOLS = YES;
				SWIFT_APPROACHABLE_CONCURRENCY = YES;
				SWIFT_DEFAULT_ACTOR_ISOLATION = MainActor;
				SWIFT_EMIT_LOC_STRINGS = YES;
				SWIFT_UPCOMING_FEATURE_MEMBER_IMPORT_VISIBILITY = YES;
				SWIFT_VERSION = 5.0;
			};
			name = Release;
		};
		FA01FFA6300BB56900235EBF /* Debug */ = {
			isa = XCBuildConfiguration;
			buildSettings = {
				BUNDLE_LOADER = "$(TEST_HOST)";
				CODE_SIGN_STYLE = Automatic;
				CURRENT_PROJECT_VERSION = 1;
				DEVELOPMENT_TEAM = B8R3X8NN3X;
				GENERATE_INFOPLIST_FILE = YES;
				MACOSX_DEPLOYMENT_TARGET = 27.0;
				MARKETING_VERSION = 1.0;
				PRODUCT_BUNDLE_IDENTIFIER = dev.VisorProTests;
				PRODUCT_NAME = "$(TARGET_NAME)";
				STRING_CATALOG_GENERATE_SYMBOLS = NO;
				SWIFT_APPROACHABLE_CONCURRENCY = YES;
				SWIFT_EMIT_LOC_STRINGS = NO;
				SWIFT_UPCOMING_FEATURE_MEMBER_IMPORT_VISIBILITY = YES;
				SWIFT_VERSION = 5.0;
				TEST_HOST = "$(BUILT_PRODUCTS_DIR)/VisorPro.app/$(BUNDLE_EXECUTABLE_FOLDER_PATH)/VisorPro";
			};
			name = Debug;
		};
		FA01FFA7300BB56900235EBF /* Release */ = {
			isa = XCBuildConfiguration;
			buildSettings = {
				BUNDLE_LOADER = "$(TEST_HOST)";
				CODE_SIGN_STYLE = Automatic;
				CURRENT_PROJECT_VERSION = 1;
				DEVELOPMENT_TEAM = B8R3X8NN3X;
				GENERATE_INFOPLIST_FILE = YES;
				MACOSX_DEPLOYMENT_TARGET = 27.0;
				MARKETING_VERSION = 1.0;
				PRODUCT_BUNDLE_IDENTIFIER = dev.VisorProTests;
				PRODUCT_NAME = "$(TARGET_NAME)";
				STRING_CATALOG_GENERATE_SYMBOLS = NO;
				SWIFT_APPROACHABLE_CONCURRENCY = YES;
				SWIFT_EMIT_LOC_STRINGS = NO;
				SWIFT_UPCOMING_FEATURE_MEMBER_IMPORT_VISIBILITY = YES;
				SWIFT_VERSION = 5.0;
				TEST_HOST = "$(BUILT_PRODUCTS_DIR)/VisorPro.app/$(BUNDLE_EXECUTABLE_FOLDER_PATH)/VisorPro";
			};
			name = Release;
		};
		FA01FFA9300BB56900235EBF /* Debug */ = {
			isa = XCBuildConfiguration;
			buildSettings = {
				CODE_SIGN_STYLE = Automatic;
				CURRENT_PROJECT_VERSION = 1;
				DEVELOPMENT_TEAM = B8R3X8NN3X;
				GENERATE_INFOPLIST_FILE = YES;
				MARKETING_VERSION = 1.0;
				PRODUCT_BUNDLE_IDENTIFIER = dev.VisorProUITests;
				PRODUCT_NAME = "$(TARGET_NAME)";
				STRING_CATALOG_GENERATE_SYMBOLS = NO;
				SWIFT_APPROACHABLE_CONCURRENCY = YES;
				SWIFT_EMIT_LOC_STRINGS = NO;
				SWIFT_UPCOMING_FEATURE_MEMBER_IMPORT_VISIBILITY = YES;
				SWIFT_VERSION = 5.0;
				TEST_TARGET_NAME = VisorPro;
			};
			name = Debug;
		};
		FA01FFAA300BB56900235EBF /* Release */ = {
			isa = XCBuildConfiguration;
			buildSettings = {
				CODE_SIGN_STYLE = Automatic;
				CURRENT_PROJECT_VERSION = 1;
				DEVELOPMENT_TEAM = B8R3X8NN3X;
				GENERATE_INFOPLIST_FILE = YES;
				MARKETING_VERSION = 1.0;
				PRODUCT_BUNDLE_IDENTIFIER = dev.VisorProUITests;
				PRODUCT_NAME = "$(TARGET_NAME)";
				STRING_CATALOG_GENERATE_SYMBOLS = NO;
				SWIFT_APPROACHABLE_CONCURRENCY = YES;
				SWIFT_EMIT_LOC_STRINGS = NO;
				SWIFT_UPCOMING_FEATURE_MEMBER_IMPORT_VISIBILITY = YES;
				SWIFT_VERSION = 5.0;
				TEST_TARGET_NAME = VisorPro;
			};
			name = Release;
		};
/* End XCBuildConfiguration section */

/* Begin XCConfigurationList section */
		FA01FF7E300BB56700235EBF /* Build configuration list for PBXProject "VisorPro" */ = {
			isa = XCConfigurationList;
			buildConfigurations = (
				FA01FFA0300BB56900235EBF /* Debug */,
				FA01FFA1300BB56900235EBF /* Release */,
			);
			defaultConfigurationIsVisible = 0;
			defaultConfigurationName = Release;
		};
		FA01FFA2300BB56900235EBF /* Build configuration list for PBXNativeTarget "VisorPro" */ = {
			isa = XCConfigurationList;
			buildConfigurations = (
				FA01FFA3300BB56900235EBF /* Debug */,
				FA01FFA4300BB56900235EBF /* Release */,
			);
			defaultConfigurationIsVisible = 0;
			defaultConfigurationName = Release;
		};
		FA01FFA5300BB56900235EBF /* Build configuration list for PBXNativeTarget "VisorProTests" */ = {
			isa = XCConfigurationList;
			buildConfigurations = (
				FA01FFA6300BB56900235EBF /* Debug */,
				FA01FFA7300BB56900235EBF /* Release */,
			);
			defaultConfigurationIsVisible = 0;
			defaultConfigurationName = Release;
		};
		FA01FFA8300BB56900235EBF /* Build configuration list for PBXNativeTarget "VisorProUITests" */ = {
			isa = XCConfigurationList;
			buildConfigurations = (
				FA01FFA9300BB56900235EBF /* Debug */,
				FA01FFAA300BB56900235EBF /* Release */,
			);
			defaultConfigurationIsVisible = 0;
			defaultConfigurationName = Release;
		};
/* End XCConfigurationList section */

/* Begin XCRemoteSwiftPackageReference section */
		FA8D16F83045E22A0040670D /* XCRemoteSwiftPackageReference "SMCKit" */ = {
			isa = XCRemoteSwiftPackageReference;
			repositoryURL = "https://github.com/srimanachanta/SMCKit.git";
			requirement = {
				kind = upToNextMajorVersion;
				minimumVersion = 1.0.0;
			};
		};
/* End XCRemoteSwiftPackageReference section */

/* Begin XCSwiftPackageProductDependency section */
		FA8D16F93045E22A0040670D /* SMCKit */ = {
			isa = XCSwiftPackageProductDependency;
			package = FA8D16F83045E22A0040670D /* XCRemoteSwiftPackageReference "SMCKit" */;
			productName = SMCKit;
		};
/* End XCSwiftPackageProductDependency section */
	};
	rootObject = FA01FF7B300BB56700235EBF /* Project object */;
}
